<?xml version="1.0" encoding="utf-8"?>
<Project ToolsVersion="4.0" xmlns="http://schemas.microsoft.com/developer/msbuild/2003">
  <ItemGroup>
    <ClCompile Include="helperlib.cpp">
      <Filter>Source Files</Filter>
    </ClCompile>
    <ClCompile Include="logging.cpp">
      <Filter>Source Files</Filter>
    </ClCompile>
    <ClCompile Include="hook.cpp">
      <Filter>Source Files</Filter>
    </ClCompile>
    <ClCompile Include="xmlhookloader.cpp">
      <Filter>Source Files</Filter>
    </ClCompile>
    <ClCompile Include="argspecutil.cpp">
      <Filter>Source Files</Filter>
    </ClCompile>
    <ClCompile Include="specialhooks.cpp">
      <Filter>Source Files</Filter>
    </ClCompile>
    <ClCompile Include="justforvs.cpp">
      <Filter>Source Files</Filter>
    </ClCompile>
  </ItemGroup>
  <ItemGroup>
    <ClInclude Include="helperlib.h">
      <Filter>Header Files</Filter>
    </ClInclude>
    <ClInclude Include="targetver.h">
      <Filter>Header Files</Filter>
    </ClInclude>
    <ClInclude Include="logging.h">
      <Filter>Header Files</Filter>
    </ClInclude>
    <ClInclude Include="functionprototypes.h">
      <Filter>Header Files</Filter>
    </ClInclude>
    <ClInclude Include="hookasm.h">
      <Filter>Header Files</Filter>
    </ClInclude>
    <ClInclude Include="hook.h">
      <Filter>Header Files</Filter>
    </ClInclude>
    <ClInclude Include="..\winnt.h">
      <Filter>Header Files</Filter>
    </ClInclude>
    <ClInclude Include="xmlhookloader.h">
      <Filter>Header Files</Filter>
    </ClInclude>
    <ClInclude Include="hookstructures.h">
      <Filter>Header Files</Filter>
    </ClInclude>
    <ClInclude Include="justforvs.h">
      <Filter>Header Files</Filter>
    </ClInclude>
    <ClInclude Include="argspecutil.h">
      <Filter>Header Files</Filter>
    </ClInclude>
    <ClInclude Include="errors.h">
      <Filter>Header Files</Filter>
    </ClInclude>
    <ClInclude Include="specialhooks.h">
      <Filter>Header Files</Filter>
    </ClInclude>
    <ClInclude Include="types.h">
      <Filter>Header Files</Filter>
    </ClInclude>
  </ItemGroup>
  <ItemGroup>
    <Filter Include="Source Files">
      <UniqueIdentifier>{9dc83838-24c4-42b4-b2e1-7c87311bc37c}</UniqueIdentifier>
    </Filter>
    <Filter Include="Header Files">
      <UniqueIdentifier>{5a9ce6ee-6e0a-4dc5-9190-a24dfeb9eba8}</UniqueIdentifier>
    </Filter>
  </ItemGroup>
  <ItemGroup>
    <None Include="helperlib32.def" />
  </ItemGroup>
  <ItemGroup>
    <MASM Include="x86_hook.asm">
      <Filter>Source Files</Filter>
    </MASM>
  </ItemGroup>
</Project>