
Microsoft Visual Studio Solution File, Format Version 12.00
# Visual Studio 14
VisualStudioVersion = 14.0.25420.1
MinimumVisualStudioVersion = 10.0.40219.1
Project("{8BC9CEB8-8B4A-11D0-8D11-00A0C91BC942}") = "processdumper", "processdumper.vcxproj", "{60BFE0CE-EE2F-4E6A-BDBF-AB0F35370123}"
	ProjectSection(ProjectDependencies) = postProject
		{9193E604-4C9A-483A-8DD7-75682AB92240} = {9193E604-4C9A-483A-8DD7-75682AB92240}
		{363A386B-BF90-4859-860E-7DE6D4829A63} = {363A386B-BF90-4859-860E-7DE6D4829A63}
		{31D99C87-EF11-4A83-A7D8-5BDFAFAC431B} = {31D99C87-EF11-4A83-A7D8-5BDFAFAC431B}
		{167220F6-5955-4978-91DF-D7007B1B88A0} = {167220F6-5955-4978-91DF-D7007B1B88A0}
	EndProjectSection
EndProject
Project("{8BC9CEB8-8B4A-11D0-8D11-00A0C91BC942}") = "helperlib", "helperlib\helperlib.vcxproj", "{167220F6-5955-4978-91DF-D7007B1B88A0}"
EndProject
Project("{8BC9CEB8-8B4A-11D0-8D11-00A0C91BC942}") = "helperlib32", "helperlib\helperlib32.vcxproj", "{31D99C87-EF11-4A83-A7D8-5BDFAFAC431B}"
EndProject
Project("{8BC9CEB8-8B4A-11D0-8D11-00A0C91BC942}") = "thirtytwobithelper", "thirtytwobithelper\thirtytwobithelper.vcxproj", "{9193E604-4C9A-483A-8DD7-75682AB92240}"
EndProject
Project("{8BC9CEB8-8B4A-11D0-8D11-00A0C91BC942}") = "warontencent", "warontencent\warontencent.vcxproj", "{363A386B-BF90-4859-860E-7DE6D4829A63}"
EndProject
Global
	GlobalSection(SolutionConfigurationPlatforms) = preSolution
		Debug|ARM = Debug|ARM
		Debug|ARM64 = Debug|ARM64
		Debug|x64 = Debug|x64
		Debug|x86 = Debug|x86
		Release|ARM = Release|ARM
		Release|ARM64 = Release|ARM64
		Release|x64 = Release|x64
		Release|x86 = Release|x86
	EndGlobalSection
	GlobalSection(ProjectConfigurationPlatforms) = postSolution
		{60BFE0CE-EE2F-4E6A-BDBF-AB0F35370123}.Debug|ARM.ActiveCfg = Debug|Win32
		{60BFE0CE-EE2F-4E6A-BDBF-AB0F35370123}.Debug|ARM64.ActiveCfg = Debug|Win32
		{60BFE0CE-EE2F-4E6A-BDBF-AB0F35370123}.Debug|x64.ActiveCfg = Debug|x64
		{60BFE0CE-EE2F-4E6A-BDBF-AB0F35370123}.Debug|x64.Build.0 = Debug|x64
		{60BFE0CE-EE2F-4E6A-BDBF-AB0F35370123}.Debug|x86.ActiveCfg = Debug|Win32
		{60BFE0CE-EE2F-4E6A-BDBF-AB0F35370123}.Debug|x86.Build.0 = Debug|Win32
		{60BFE0CE-EE2F-4E6A-BDBF-AB0F35370123}.Release|ARM.ActiveCfg = Release|Win32
		{60BFE0CE-EE2F-4E6A-BDBF-AB0F35370123}.Release|ARM64.ActiveCfg = Release|Win32
		{60BFE0CE-EE2F-4E6A-BDBF-AB0F35370123}.Release|x64.ActiveCfg = Release|x64
		{60BFE0CE-EE2F-4E6A-BDBF-AB0F35370123}.Release|x64.Build.0 = Release|x64
		{60BFE0CE-EE2F-4E6A-BDBF-AB0F35370123}.Release|x86.ActiveCfg = Release|Win32
		{60BFE0CE-EE2F-4E6A-BDBF-AB0F35370123}.Release|x86.Build.0 = Release|Win32
		{167220F6-5955-4978-91DF-D7007B1B88A0}.Debug|ARM.ActiveCfg = Debug|Win32
		{167220F6-5955-4978-91DF-D7007B1B88A0}.Debug|ARM64.ActiveCfg = Debug|Win32
		{167220F6-5955-4978-91DF-D7007B1B88A0}.Debug|x64.ActiveCfg = Debug|x64
		{167220F6-5955-4978-91DF-D7007B1B88A0}.Debug|x64.Build.0 = Debug|x64
		{167220F6-5955-4978-91DF-D7007B1B88A0}.Debug|x86.ActiveCfg = Debug|Win32
		{167220F6-5955-4978-91DF-D7007B1B88A0}.Debug|x86.Build.0 = Debug|Win32
		{167220F6-5955-4978-91DF-D7007B1B88A0}.Release|ARM.ActiveCfg = Release|Win32
		{167220F6-5955-4978-91DF-D7007B1B88A0}.Release|ARM64.ActiveCfg = Release|Win32
		{167220F6-5955-4978-91DF-D7007B1B88A0}.Release|x64.ActiveCfg = Release|x64
		{167220F6-5955-4978-91DF-D7007B1B88A0}.Release|x64.Build.0 = Release|x64
		{167220F6-5955-4978-91DF-D7007B1B88A0}.Release|x86.ActiveCfg = Release|Win32
		{167220F6-5955-4978-91DF-D7007B1B88A0}.Release|x86.Build.0 = Release|Win32
		{31D99C87-EF11-4A83-A7D8-5BDFAFAC431B}.Debug|ARM.ActiveCfg = Debug|Win32
		{31D99C87-EF11-4A83-A7D8-5BDFAFAC431B}.Debug|ARM64.ActiveCfg = Debug|Win32
		{31D99C87-EF11-4A83-A7D8-5BDFAFAC431B}.Debug|x64.ActiveCfg = Debug|x64
		{31D99C87-EF11-4A83-A7D8-5BDFAFAC431B}.Debug|x64.Build.0 = Debug|x64
		{31D99C87-EF11-4A83-A7D8-5BDFAFAC431B}.Debug|x86.ActiveCfg = Debug|Win32
		{31D99C87-EF11-4A83-A7D8-5BDFAFAC431B}.Debug|x86.Build.0 = Debug|Win32
		{31D99C87-EF11-4A83-A7D8-5BDFAFAC431B}.Release|ARM.ActiveCfg = Release|Win32
		{31D99C87-EF11-4A83-A7D8-5BDFAFAC431B}.Release|ARM64.ActiveCfg = Release|Win32
		{31D99C87-EF11-4A83-A7D8-5BDFAFAC431B}.Release|x64.ActiveCfg = Release|Win32
		{31D99C87-EF11-4A83-A7D8-5BDFAFAC431B}.Release|x64.Build.0 = Release|Win32
		{31D99C87-EF11-4A83-A7D8-5BDFAFAC431B}.Release|x86.ActiveCfg = Release|Win32
		{31D99C87-EF11-4A83-A7D8-5BDFAFAC431B}.Release|x86.Build.0 = Release|Win32
		{9193E604-4C9A-483A-8DD7-75682AB92240}.Debug|ARM.ActiveCfg = Debug|Win32
		{9193E604-4C9A-483A-8DD7-75682AB92240}.Debug|ARM64.ActiveCfg = Debug|Win32
		{9193E604-4C9A-483A-8DD7-75682AB92240}.Debug|x64.ActiveCfg = Debug|x64
		{9193E604-4C9A-483A-8DD7-75682AB92240}.Debug|x64.Build.0 = Debug|x64
		{9193E604-4C9A-483A-8DD7-75682AB92240}.Debug|x86.ActiveCfg = Debug|Win32
		{9193E604-4C9A-483A-8DD7-75682AB92240}.Debug|x86.Build.0 = Debug|Win32
		{9193E604-4C9A-483A-8DD7-75682AB92240}.Release|ARM.ActiveCfg = Release|Win32
		{9193E604-4C9A-483A-8DD7-75682AB92240}.Release|ARM64.ActiveCfg = Release|Win32
		{9193E604-4C9A-483A-8DD7-75682AB92240}.Release|x64.ActiveCfg = Release|Win32
		{9193E604-4C9A-483A-8DD7-75682AB92240}.Release|x64.Build.0 = Release|Win32
		{9193E604-4C9A-483A-8DD7-75682AB92240}.Release|x86.ActiveCfg = Release|Win32
		{9193E604-4C9A-483A-8DD7-75682AB92240}.Release|x86.Build.0 = Release|Win32
		{363A386B-BF90-4859-860E-7DE6D4829A63}.Debug|ARM.ActiveCfg = Debug|ARM
		{363A386B-BF90-4859-860E-7DE6D4829A63}.Debug|ARM.Build.0 = Debug|ARM
		{363A386B-BF90-4859-860E-7DE6D4829A63}.Debug|ARM.Deploy.0 = Debug|ARM
		{363A386B-BF90-4859-860E-7DE6D4829A63}.Debug|ARM64.ActiveCfg = Debug|ARM64
		{363A386B-BF90-4859-860E-7DE6D4829A63}.Debug|ARM64.Build.0 = Debug|ARM64
		{363A386B-BF90-4859-860E-7DE6D4829A63}.Debug|ARM64.Deploy.0 = Debug|ARM64
		{363A386B-BF90-4859-860E-7DE6D4829A63}.Debug|x64.ActiveCfg = Debug|x64
		{363A386B-BF90-4859-860E-7DE6D4829A63}.Debug|x64.Build.0 = Debug|x64
		{363A386B-BF90-4859-860E-7DE6D4829A63}.Debug|x64.Deploy.0 = Debug|x64
		{363A386B-BF90-4859-860E-7DE6D4829A63}.Debug|x86.ActiveCfg = Debug|Win32
		{363A386B-BF90-4859-860E-7DE6D4829A63}.Debug|x86.Build.0 = Debug|Win32
		{363A386B-BF90-4859-860E-7DE6D4829A63}.Debug|x86.Deploy.0 = Debug|Win32
		{363A386B-BF90-4859-860E-7DE6D4829A63}.Release|ARM.ActiveCfg = Release|ARM
		{363A386B-BF90-4859-860E-7DE6D4829A63}.Release|ARM.Build.0 = Release|ARM
		{363A386B-BF90-4859-860E-7DE6D4829A63}.Release|ARM.Deploy.0 = Release|ARM
		{363A386B-BF90-4859-860E-7DE6D4829A63}.Release|ARM64.ActiveCfg = Release|ARM64
		{363A386B-BF90-4859-860E-7DE6D4829A63}.Release|ARM64.Build.0 = Release|ARM64
		{363A386B-BF90-4859-860E-7DE6D4829A63}.Release|ARM64.Deploy.0 = Release|ARM64
		{363A386B-BF90-4859-860E-7DE6D4829A63}.Release|x64.ActiveCfg = Release|x64
		{363A386B-BF90-4859-860E-7DE6D4829A63}.Release|x64.Build.0 = Release|x64
		{363A386B-BF90-4859-860E-7DE6D4829A63}.Release|x86.ActiveCfg = Release|Win32
		{363A386B-BF90-4859-860E-7DE6D4829A63}.Release|x86.Build.0 = Release|Win32
		{363A386B-BF90-4859-860E-7DE6D4829A63}.Release|x86.Deploy.0 = Release|Win32
	EndGlobalSection
	GlobalSection(SolutionProperties) = preSolution
		HideSolutionNode = FALSE
	EndGlobalSection
EndGlobal
